
Microsoft Visual Studio Solution File, Format Version 12.00
# Visual Studio 14
VisualStudioVersion = 14.0.25420.1
MinimumVisualStudioVersion = 10.0.40219.1
Project("{FAE04EC0-301F-11D3-BF4B-00C04F79EFBC}") = "SportStoreAngular1.web", "SportStoreAngular1.web\SportStoreAngular1.web.csproj", "{F1C2BFE9-EA65-46BD-BF55-62C35FFBFB6E}"
EndProject
Project("{FAE04EC0-301F-11D3-BF4B-00C04F79EFBC}") = "SportStoreAngular1.models", "SportStoreAngular1.models\SportStoreAngular1.models.csproj", "{421F5676-867E-406F-BB55-C3619838588B}"
EndProject
Project("{FAE04EC0-301F-11D3-BF4B-00C04F79EFBC}") = "SportStoreAngular1.data", "SportStoreAngular1.data\SportStoreAngular1.data.csproj", "{035EBE8A-18DB-403C-B69F-092C6A629578}"
EndProject
Global
	GlobalSection(SolutionConfigurationPlatforms) = preSolution
		Debug|Any CPU = Debug|Any CPU
		Release|Any CPU = Release|Any CPU
	EndGlobalSection
	GlobalSection(ProjectConfigurationPlatforms) = postSolution
		{F1C2BFE9-EA65-46BD-BF55-62C35FFBFB6E}.Debug|Any CPU.ActiveCfg = Debug|Any CPU
		{F1C2BFE9-EA65-46BD-BF55-62C35FFBFB6E}.Debug|Any CPU.Build.0 = Debug|Any CPU
		{F1C2BFE9-EA65-46BD-BF55-62C35FFBFB6E}.Release|Any CPU.ActiveCfg = Release|Any CPU
		{F1C2BFE9-EA65-46BD-BF55-62C35FFBFB6E}.Release|Any CPU.Build.0 = Release|Any CPU
		{421F5676-867E-406F-BB55-C3619838588B}.Debug|Any CPU.ActiveCfg = Debug|Any CPU
		{421F5676-867E-406F-BB55-C3619838588B}.Debug|Any CPU.Build.0 = Debug|Any CPU
		{421F5676-867E-406F-BB55-C3619838588B}.Release|Any CPU.ActiveCfg = Release|Any CPU
		{421F5676-867E-406F-BB55-C3619838588B}.Release|Any CPU.Build.0 = Release|Any CPU
		{035EBE8A-18DB-403C-B69F-092C6A629578}.Debug|Any CPU.ActiveCfg = Debug|Any CPU
		{035EBE8A-18DB-403C-B69F-092C6A629578}.Debug|Any CPU.Build.0 = Debug|Any CPU
		{035EBE8A-18DB-403C-B69F-092C6A629578}.Release|Any CPU.ActiveCfg = Release|Any CPU
		{035EBE8A-18DB-403C-B69F-092C6A629578}.Release|Any CPU.Build.0 = Release|Any CPU
	EndGlobalSection
	GlobalSection(SolutionProperties) = preSolution
		HideSolutionNode = FALSE
	EndGlobalSection
EndGlobal
